
Microsoft Visual Studio Solution File, Format Version 12.00
# Visual Studio Version 18
VisualStudioVersion = 18.7.11911.148 stable
MinimumVisualStudioVersion = 10.0.40219.1
Project("{FAE04EC0-301F-11D3-BF4B-00C04F79EFBC}") = "Labilletterie.Web", "Labilletterie.Web\Labilletterie.Web.csproj", "{58195015-FC63-43FC-95C6-9FC645418ADD}"
EndProject
Project("{FAE04EC0-301F-11D3-BF4B-00C04F79EFBC}") = "Labilletterie.Tests", "Labilletterie.Tests\Labilletterie.Tests.csproj", "{419680E3-84C2-4E94-8516-D54DA4EFA409}"
EndProject
Global
	GlobalSection(SolutionConfigurationPlatforms) = preSolution
		Debug|Any CPU = Debug|Any CPU
		Debug|x64 = Debug|x64
		Debug|x86 = Debug|x86
		Release|Any CPU = Release|Any CPU
		Release|x64 = Release|x64
		Release|x86 = Release|x86
	EndGlobalSection
	GlobalSection(ProjectConfigurationPlatforms) = postSolution
		{58195015-FC63-43FC-95C6-9FC645418ADD}.Debug|Any CPU.ActiveCfg = Debug|Any CPU
		{58195015-FC63-43FC-95C6-9FC645418ADD}.Debug|Any CPU.Build.0 = Debug|Any CPU
		{58195015-FC63-43FC-95C6-9FC645418ADD}.Debug|x64.ActiveCfg = Debug|Any CPU
		{58195015-FC63-43FC-95C6-9FC645418ADD}.Debug|x64.Build.0 = Debug|Any CPU
		{58195015-FC63-43FC-95C6-9FC645418ADD}.Debug|x86.ActiveCfg = Debug|Any CPU
		{58195015-FC63-43FC-95C6-9FC645418ADD}.Debug|x86.Build.0 = Debug|Any CPU
		{58195015-FC63-43FC-95C6-9FC645418ADD}.Release|Any CPU.ActiveCfg = Release|Any CPU
		{58195015-FC63-43FC-95C6-9FC645418ADD}.Release|Any CPU.Build.0 = Release|Any CPU
		{58195015-FC63-43FC-95C6-9FC645418ADD}.Release|x64.ActiveCfg = Release|Any CPU
		{58195015-FC63-43FC-95C6-9FC645418ADD}.Release|x64.Build.0 = Release|Any CPU
		{58195015-FC63-43FC-95C6-9FC645418ADD}.Release|x86.ActiveCfg = Release|Any CPU
		{58195015-FC63-43FC-95C6-9FC645418ADD}.Release|x86.Build.0 = Release|Any CPU
		{419680E3-84C2-4E94-8516-D54DA4EFA409}.Debug|Any CPU.ActiveCfg = Debug|Any CPU
		{419680E3-84C2-4E94-8516-D54DA4EFA409}.Debug|Any CPU.Build.0 = Debug|Any CPU
		{419680E3-84C2-4E94-8516-D54DA4EFA409}.Debug|x64.ActiveCfg = Debug|Any CPU
		{419680E3-84C2-4E94-8516-D54DA4EFA409}.Debug|x64.Build.0 = Debug|Any CPU
		{419680E3-84C2-4E94-8516-D54DA4EFA409}.Debug|x86.ActiveCfg = Debug|Any CPU
		{419680E3-84C2-4E94-8516-D54DA4EFA409}.Debug|x86.Build.0 = Debug|Any CPU
		{419680E3-84C2-4E94-8516-D54DA4EFA409}.Release|Any CPU.ActiveCfg = Release|Any CPU
		{419680E3-84C2-4E94-8516-D54DA4EFA409}.Release|Any CPU.Build.0 = Release|Any CPU
		{419680E3-84C2-4E94-8516-D54DA4EFA409}.Release|x64.ActiveCfg = Release|Any CPU
		{419680E3-84C2-4E94-8516-D54DA4EFA409}.Release|x64.Build.0 = Release|Any CPU
		{419680E3-84C2-4E94-8516-D54DA4EFA409}.Release|x86.ActiveCfg = Release|Any CPU
		{419680E3-84C2-4E94-8516-D54DA4EFA409}.Release|x86.Build.0 = Release|Any CPU
	EndGlobalSection
	GlobalSection(SolutionProperties) = preSolution
		HideSolutionNode = FALSE
	EndGlobalSection
	GlobalSection(ExtensibilityGlobals) = postSolution
		SolutionGuid = {C2BE7E2E-C6AC-4DF5-9DA6-71A7D4EA9816}
	EndGlobalSection
EndGlobal
